// !$*UTF8*$!
{
	archiveVersion = 1;
	classes = {
	};
	objectVersion = 50;
	objects = {

/* Begin PBXBuildFile section */
		B7C225C0225F431900DE70BA /* AppDelegate.swift in Sources */ = {isa = PBXBuildFile; fileRef = B7C225BF225F431900DE70BA /* AppDelegate.swift */; };
		B7C225C2225F431900DE70BA /* ViewController.swift in Sources */ = {isa = PBXBuildFile; fileRef = B7C225C1225F431900DE70BA /* ViewController.swift */; };
		B7C225C5225F431900DE70BA /* Main.storyboard in Resources */ = {isa = PBXBuildFile; fileRef = B7C225C3225F431900DE70BA /* Main.storyboard */; };
		B7C225C8225F431900DE70BA /* FirstCoreData.xcdatamodeld in Sources */ = {isa = PBXBuildFile; fileRef = B7C225C6225F431900DE70BA /* FirstCoreData.xcdatamodeld */; };
		B7C225CA225F431A00DE70BA /* Assets.xcassets in Resources */ = {isa = PBXBuildFile; fileRef = B7C225C9225F431A00DE70BA /* Assets.xcassets */; };
		B7C225CD225F431A00DE70BA /* LaunchScreen.storyboard in Resources */ = {isa = PBXBuildFile; fileRef = B7C225CB225F431A00DE70BA /* LaunchScreen.storyboard */; };
/* End PBXBuildFile section */

/* Begin PBXFileReference section */
		B7C225BC225F431900DE70BA /* FirstCoreData.app */ = {isa = PBXFileReference; explicitFileType = wrapper.application; includeInIndex = 0; path = FirstCoreData.app; sourceTree = BUILT_PRODUCTS_DIR; };
		B7C225BF225F431900DE70BA /* AppDelegate.swift */ = {isa = PBXFileReference; lastKnownFileType = sourcecode.swift; path = AppDelegate.swift; sourceTree = "<group>"; };
		B7C225C1225F431900DE70BA /* ViewController.swift */ = {isa = PBXFileReference; lastKnownFileType = sourcecode.swift; path = ViewController.swift; sourceTree = "<group>"; };
		B7C225C4225F431900DE70BA /* Base */ = {isa = PBXFileReference; lastKnownFileType = file.storyboard; name = Base; path = Base.lproj/Main.storyboard; sourceTree = "<group>"; };
		B7C225C7225F431900DE70BA /* FirstCoreData.xcdatamodel */ = {isa = PBXFileReference; lastKnownFileType = wrapper.xcdatamodel; path = FirstCoreData.xcdatamodel; sourceTree = "<group>"; };
		B7C225C9225F431A00DE70BA /* Assets.xcassets */ = {isa = PBXFileReference; lastKnownFileType = folder.assetcatalog; path = Assets.xcassets; sourceTree = "<group>"; };
		B7C225CC225F431A00DE70BA /* Base */ = {isa = PBXFileReference; lastKnownFileType = file.storyboard; name = Base; path = Base.lproj/LaunchScreen.storyboard; sourceTree = "<group>"; };
		B7C225CE225F431A00DE70BA /* Info.plist */ = {isa = PBXFileReference; lastKnownFileType = text.plist.xml; path = Info.plist; sourceTree = "<group>"; };
/* End PBXFileReference section */

/* Begin PBXFrameworksBuildPhase section */
		B7C225B9225F431900DE70BA /* Frameworks */ = {
			isa = PBXFrameworksBuildPhase;
			buildActionMask = 2147483647;
			files = (
			);
			runOnlyForDeploymentPostprocessing = 0;
		};
/* End PBXFrameworksBuildPhase section */

/* Begin PBXGroup section */
		B7C225B3225F431900DE70BA = {
			isa = PBXGroup;
			children = (
				B7C225BE225F431900DE70BA /* FirstCoreData */,
				B7C225BD225F431900DE70BA /* Products */,
			);
			sourceTree = "<group>";
		};
		B7C225BD225F431900DE70BA /* Products */ = {
			isa = PBXGroup;
			children = (
				B7C225BC225F431900DE70BA /* FirstCoreData.app */,
			);
			name = Products;
			sourceTree = "<group>";
		};
		B7C225BE225F431900DE70BA /* FirstCoreData */ = {
			isa = PBXGroup;
			children = (
				B7C225BF225F431900DE70BA /* AppDelegate.swift */,
				B7C225C1225F431900DE70BA /* ViewController.swift */,
				B7C225C3225F431900DE70BA /* Main.storyboard */,
				B7C225C9225F431A00DE70BA /* Assets.xcassets */,
				B7C225CB225F431A00DE70BA /* LaunchScreen.storyboard */,
				B7C225CE225F431A00DE70BA /* Info.plist */,
				B7C225C6225F431900DE70BA /* FirstCoreData.xcdatamodeld */,
			);
			path = FirstCoreData;
			sourceTree = "<group>";
		};
/* End PBXGroup section */

/* Begin PBXNativeTarget section */
		B7C225BB225F431900DE70BA /* FirstCoreData */ = {
			isa = PBXNativeTarget;
			buildConfigurationList = B7C225D1225F431A00DE70BA /* Build configuration list for PBXNativeTarget "FirstCoreData" */;
			buildPhases = (
				B7C225B8225F431900DE70BA /* Sources */,
				B7C225B9225F431900DE70BA /* Frameworks */,
				B7C225BA225F431900DE70BA /* Resources */,
			);
			buildRules = (
			);
			dependencies = (
			);
			name = FirstCoreData;
			productName = FirstCoreData;
			productReference = B7C225BC225F431900DE70BA /* FirstCoreData.app */;
			productType = "com.apple.product-type.application";
		};
/* End PBXNativeTarget section */

/* Begin PBXProject section */
		B7C225B4225F431900DE70BA /* Project object */ = {
			isa = PBXProject;
			attributes = {
				LastSwiftUpdateCheck = 1020;
				LastUpgradeCheck = 1020;
				ORGANIZATIONNAME = "Apple Developer Academy";
				TargetAttributes = {
					B7C225BB225F431900DE70BA = {
						CreatedOnToolsVersion = 10.2;
					};
				};
			};
			buildConfigurationList = B7C225B7225F431900DE70BA /* Build configuration list for PBXProject "FirstCoreData" */;
			compatibilityVersion = "Xcode 9.3";
			developmentRegion = en;
			hasScannedForEncodings = 0;
			knownRegions = (
				en,
				Base,
			);
			mainGroup = B7C225B3225F431900DE70BA;
			productRefGroup = B7C225BD225F431900DE70BA /* Products */;
			projectDirPath = "";
			projectRoot = "";
			targets = (
				B7C225BB225F431900DE70BA /* FirstCoreData */,
			);
		};
/* End PBXProject section */

/* Begin PBXResourcesBuildPhase section */
		B7C225BA225F431900DE70BA /* Resources */ = {
			isa = PBXResourcesBuildPhase;
			buildActionMask = 2147483647;
			files = (
				B7C225CD225F431A00DE70BA /* LaunchScreen.storyboard in Resources */,
				B7C225CA225F431A00DE70BA /* Assets.xcassets in Resources */,
				B7C225C5225F431900DE70BA /* Main.storyboard in Resources */,
			);
			runOnlyForDeploymentPostprocessing = 0;
		};
/* End PBXResourcesBuildPhase section */

/* Begin PBXSourcesBuildPhase section */
		B7C225B8225F431900DE70BA /* Sources */ = {
			isa = PBXSourcesBuildPhase;
			buildActionMask = 2147483647;
			files = (
				B7C225C2225F431900DE70BA /* ViewController.swift in Sources */,
				B7C225C0225F431900DE70BA /* AppDelegate.swift in Sources */,
				B7C225C8225F431900DE70BA /* FirstCoreData.xcdatamodeld in Sources */,
			);
			runOnlyForDeploymentPostprocessing = 0;
		};
/* End PBXSourcesBuildPhase section */

/* Begin PBXVariantGroup section */
		B7C225C3225F431900DE70BA /* Main.storyboard */ = {
			isa = PBXVariantGroup;
			children = (
				B7C225C4225F431900DE70BA /* Base */,
			);
			name = Main.storyboard;
			sourceTree = "<group>";
		};
		B7C225CB225F431A00DE70BA /* LaunchScreen.storyboard */ = {
			isa = PBXVariantGroup;
			children = (
				B7C225CC225F431A00DE70BA /* Base */,
			);
			name = LaunchScreen.storyboard;
			sourceTree = "<group>";
		};
/* End PBXVariantGroup section */

/* Begin XCBuildConfiguration section */
		B7C225CF225F431A00DE70BA /* Debug */ = {
			isa = XCBuildConfiguration;
			buildSettings = {
				ALWAYS_SEARCH_USER_PATHS = NO;
				CLANG_ANALYZER_NONNULL = YES;
				CLANG_ANALYZER_NUMBER_OBJECT_CONVERSION = YES_AGGRESSIVE;
				CLANG_CXX_LANGUAGE_STANDARD = "gnu++14";
				CLANG_CXX_LIBRARY = "libc++";
				CLANG_ENABLE_MODULES = YES;
				CLANG_ENABLE_OBJC_ARC = YES;
				CLANG_ENABLE_OBJC_WEAK = YES;
				CLANG_WARN_BLOCK_CAPTURE_AUTORELEASING = YES;
				CLANG_WARN_BOOL_CONVERSION = YES;
				CLANG_WARN_COMMA = YES;
				CLANG_WARN_CONSTANT_CONVERSION = YES;
				CLANG_WARN_DEPRECATED_OBJC_IMPLEMENTATIONS = YES;
				CLANG_WARN_DIRECT_OBJC_ISA_USAGE = YES_ERROR;
				CLANG_WARN_DOCUMENTATION_COMMENTS = YES;
				CLANG_WARN_EMPTY_BODY = YES;
				CLANG_WARN_ENUM_CONVERSION = YES;
				CLANG_WARN_INFINITE_RECURSION = YES;
				CLANG_WARN_INT_CONVERSION = YES;
				CLANG_WARN_NON_LITERAL_NULL_CONVERSION = YES;
				CLANG_WARN_OBJC_IMPLICIT_RETAIN_SELF = YES;
				CLANG_WARN_OBJC_LITERAL_CONVERSION = YES;
				CLANG_WARN_OBJC_ROOT_CLASS = YES_ERROR;
				CLANG_WARN_RANGE_LOOP_ANALYSIS = YES;
				CLANG_WARN_STRICT_PROTOTYPES = YES;
				CLANG_WARN_SUSPICIOUS_MOVE = YES;
				CLANG_WARN_UNGUARDED_AVAILABILITY = YES_AGGRESSIVE;
				CLANG_WARN_UNREACHABLE_CODE = YES;
				CLANG_WARN__DUPLICATE_METHOD_MATCH = YES;
				CODE_SIGN_IDENTITY = "iPhone Developer";
				COPY_PHASE_STRIP = NO;
				DEBUG_INFORMATION_FORMAT = dwarf;
				ENABLE_STRICT_OBJC_MSGSEND = YES;
				ENABLE_TESTABILITY = YES;
				GCC_C_LANGUAGE_STANDARD = gnu11;
				GCC_DYNAMIC_NO_PIC = NO;
				GCC_NO_COMMON_BLOCKS = YES;
				GCC_OPTIMIZATION_LEVEL = 0;
				GCC_PREPROCESSOR_DEFINITIONS = (
					"DEBUG=1",
					"$(inherited)",
				);
				GCC_WARN_64_TO_32_BIT_CONVERSION = YES;
				GCC_WARN_ABOUT_RETURN_TYPE = YES_ERROR;
				GCC_WARN_UNDECLARED_SELECTOR = YES;
				GCC_WARN_UNINITIALIZED_AUTOS = YES_AGGRESSIVE;
				GCC_WARN_UNUSED_FUNCTION = YES;
				GCC_WARN_UNUSED_VARIABLE = YES;
				IPHONEOS_DEPLOYMENT_TARGET = 12.2;
				MTL_ENABLE_DEBUG_INFO = INCLUDE_SOURCE;
				MTL_FAST_MATH = YES;
				ONLY_ACTIVE_ARCH = YES;
				SDKROOT = iphoneos;
				SWIFT_ACTIVE_COMPILATION_CONDITIONS = DEBUG;
				SWIFT_OPTIMIZATION_LEVEL = "-Onone";
			};
			name = Debug;
		};
		B7C225D0225F431A00DE70BA /* Release */ = {
			isa = XCBuildConfiguration;
			buildSettings = {
				ALWAYS_SEARCH_USER_PATHS = NO;
				CLANG_ANALYZER_NONNULL = YES;
				CLANG_ANALYZER_NUMBER_OBJECT_CONVERSION = YES_AGGRESSIVE;
				CLANG_CXX_LANGUAGE_STANDARD = "gnu++14";
				CLANG_CXX_LIBRARY = "libc++";
				CLANG_ENABLE_MODULES = YES;
				CLANG_ENABLE_OBJC_ARC = YES;
				CLANG_ENABLE_OBJC_WEAK = YES;
				CLANG_WARN_BLOCK_CAPTURE_AUTORELEASING = YES;
				CLANG_WARN_BOOL_CONVERSION = YES;
				CLANG_WARN_COMMA = YES;
				CLANG_WARN_CONSTANT_CONVERSION = YES;
				CLANG_WARN_DEPRECATED_OBJC_IMPLEMENTATIONS = YES;
				CLANG_WARN_DIRECT_OBJC_ISA_USAGE = YES_ERROR;
				CLANG_WARN_DOCUMENTATION_COMMENTS = YES;
				CLANG_WARN_EMPTY_BODY = YES;
				CLANG_WARN_ENUM_CONVERSION = YES;
				CLANG_WARN_INFINITE_RECURSION = YES;
				CLANG_WARN_INT_CONVERSION = YES;
				CLANG_WARN_NON_LITERAL_NULL_CONVERSION = YES;
				CLANG_WARN_OBJC_IMPLICIT_RETAIN_SELF = YES;
				CLANG_WARN_OBJC_LITERAL_CONVERSION = YES;
				CLANG_WARN_OBJC_ROOT_CLASS = YES_ERROR;
				CLANG_WARN_RANGE_LOOP_ANALYSIS = YES;
				CLANG_WARN_STRICT_PROTOTYPES = YES;
				CLANG_WARN_SUSPICIOUS_MOVE = YES;
				CLANG_WARN_UNGUARDED_AVAILABILITY = YES_AGGRESSIVE;
				CLANG_WARN_UNREACHABLE_CODE = YES;
				CLANG_WARN__DUPLICATE_METHOD_MATCH = YES;
				CODE_SIGN_IDENTITY = "iPhone Developer";
				COPY_PHASE_STRIP = NO;
				DEBUG_INFORMATION_FORMAT = "dwarf-with-dsym";
				ENABLE_NS_ASSERTIONS = NO;
				ENABLE_STRICT_OBJC_MSGSEND = YES;
				GCC_C_LANGUAGE_STANDARD = gnu11;
				GCC_NO_COMMON_BLOCKS = YES;
				GCC_WARN_64_TO_32_BIT_CONVERSION = YES;
				GCC_WARN_ABOUT_RETURN_TYPE = YES_ERROR;
				GCC_WARN_UNDECLARED_SELECTOR = YES;
				GCC_WARN_UNINITIALIZED_AUTOS = YES_AGGRESSIVE;
				GCC_WARN_UNUSED_FUNCTION = YES;
				GCC_WARN_UNUSED_VARIABLE = YES;
				IPHONEOS_DEPLOYMENT_TARGET = 12.2;
				MTL_ENABLE_DEBUG_INFO = NO;
				MTL_FAST_MATH = YES;
				SDKROOT = iphoneos;
				SWIFT_COMPILATION_MODE = wholemodule;
				SWIFT_OPTIMIZATION_LEVEL = "-O";
				VALIDATE_PRODUCT = YES;
			};
			name = Release;
		};
		B7C225D2225F431A00DE70BA /* Debug */ = {
			isa = XCBuildConfiguration;
			buildSettings = {
				ASSETCATALOG_COMPILER_APPICON_NAME = AppIcon;
				CODE_SIGN_STYLE = Automatic;
				DEVELOPMENT_TEAM = C476YGMRCM;
				INFOPLIST_FILE = FirstCoreData/Info.plist;
				LD_RUNPATH_SEARCH_PATHS = (
					"$(inherited)",
					"@executable_path/Frameworks",
				);
				PRODUCT_BUNDLE_IDENTIFIER = Apple.FirstCoreData;
				PRODUCT_NAME = "$(TARGET_NAME)";
				SWIFT_VERSION = 5.0;
				TARGETED_DEVICE_FAMILY = "1,2";
			};
			name = Debug;
		};
		B7C225D3225F431A00DE70BA /* Release */ = {
			isa = XCBuildConfiguration;
			buildSettings = {
				ASSETCATALOG_COMPILER_APPICON_NAME = AppIcon;
				CODE_SIGN_STYLE = Automatic;
				DEVELOPMENT_TEAM = C476YGMRCM;
				INFOPLIST_FILE = FirstCoreData/Info.plist;
				LD_RUNPATH_SEARCH_PATHS = (
					"$(inherited)",
					"@executable_path/Frameworks",
				);
				PRODUCT_BUNDLE_IDENTIFIER = Apple.FirstCoreData;
				PRODUCT_NAME = "$(TARGET_NAME)";
				SWIFT_VERSION = 5.0;
				TARGETED_DEVICE_FAMILY = "1,2";
			};
			name = Release;
		};
/* End XCBuildConfiguration section */

/* Begin XCConfigurationList section */
		B7C225B7225F431900DE70BA /* Build configuration list for PBXProject "FirstCoreData" */ = {
			isa = XCConfigurationList;
			buildConfigurations = (
				B7C225CF225F431A00DE70BA /* Debug */,
				B7C225D0225F431A00DE70BA /* Release */,
			);
			defaultConfigurationIsVisible = 0;
			defaultConfigurationName = Release;
		};
		B7C225D1225F431A00DE70BA /* Build configuration list for PBXNativeTarget "FirstCoreData" */ = {
			isa = XCConfigurationList;
			buildConfigurations = (
				B7C225D2225F431A00DE70BA /* Debug */,
				B7C225D3225F431A00DE70BA /* Release */,
			);
			defaultConfigurationIsVisible = 0;
			defaultConfigurationName = Release;
		};
/* End XCConfigurationList section */

/* Begin XCVersionGroup section */
		B7C225C6225F431900DE70BA /* FirstCoreData.xcdatamodeld */ = {
			isa = XCVersionGroup;
			children = (
				B7C225C7225F431900DE70BA /* FirstCoreData.xcdatamodel */,
			);
			currentVersion = B7C225C7225F431900DE70BA /* FirstCoreData.xcdatamodel */;
			path = FirstCoreData.xcdatamodeld;
			sourceTree = "<group>";
			versionGroupType = wrapper.xcdatamodel;
		};
/* End XCVersionGroup section */
	};
	rootObject = B7C225B4225F431900DE70BA /* Project object */;
}
